<?xml version="1.0" encoding="utf-8"?>
<Project ToolsVersion="4.0" xmlns="http://schemas.microsoft.com/developer/msbuild/2003">
  <ItemGroup>
    <ClInclude Include="Http\ConnFilters\AllowAllConnFilter.h">
      <Filter>HTTP\ConnFilters</Filter>
    </ClInclude>
    <ClInclude Include="Http\ConnFilters\LoopbackOnlyConnFilter.h">
      <Filter>HTTP\ConnFilters</Filter>
    </ClInclude>
    <ClInclude Include="Http\Common\BinUtils.h">
      <Filter>HTTP\Common</Filter>
    </ClInclude>
    <ClInclude Include="Http\Common\StreamReadBuff.h">
      <Filter>HTTP\Common</Filter>
    </ClInclude>
    <ClInclude Include="Http\Common\WriteBuffQueue.h">
      <Filter>HTTP\Common</Filter>
    </ClInclude>
    <ClInclude Include="Http\Common\StringUtils.h">
      <Filter>HTTP\Common</Filter>
    </ClInclude>
    <ClInclude Include="Http\RespSources\CommonErrorRespSource.h">
      <Filter>HTTP\RespSources</Filter>
    </ClInclude>
    <ClInclude Include="Http\RespSources\FSRespSource.h">
      <Filter>HTTP\RespSources</Filter>
    </ClInclude>
    <ClInclude Include="Http\Common\CoroAsyncHelper.h">
      <Filter>HTTP\Common</Filter>
    </ClInclude>
    <ClInclude Include="Http\RespSources\ZipRespSource.h">
      <Filter>HTTP\RespSources</Filter>
    </ClInclude>
    <ClInclude Include="Http\RespSources\detail\ZipArchive.h">
      <Filter>HTTP\RespSources\detail</Filter>
    </ClInclude>
    <ClInclude Include="Http\RespSources\detail\MimeDB.h">
      <Filter>HTTP\RespSources\detail</Filter>
    </ClInclude>
    <ClInclude Include="Http\RespSources\CombinerRespSource.h">
      <Filter>HTTP\RespSources</Filter>
    </ClInclude>
    <ClInclude Include="Http\BuildConfig.h">
      <Filter>HTTP</Filter>
    </ClInclude>
    <ClInclude Include="Http\Common.h">
      <Filter>HTTP</Filter>
    </ClInclude>
    <ClInclude Include="Http\Connection.h">
      <Filter>HTTP</Filter>
    </ClInclude>
    <ClInclude Include="Http\IConnFilter.h">
      <Filter>HTTP</Filter>
    </ClInclude>
    <ClInclude Include="Http\IResponse.h">
      <Filter>HTTP</Filter>
    </ClInclude>
    <ClInclude Include="Http\IRespSource.h">
      <Filter>HTTP</Filter>
    </ClInclude>
    <ClInclude Include="Http\QueryParams.h">
      <Filter>HTTP</Filter>
    </ClInclude>
    <ClInclude Include="Http\Server.h">
      <Filter>HTTP</Filter>
    </ClInclude>
    <ClInclude Include="HTTP\Header.h">
      <Filter>HTTP</Filter>
    </ClInclude>
    <ClInclude Include="HTTP\WebSocket\IMsgSender.h">
      <Filter>HTTP\WebSocket</Filter>
    </ClInclude>
    <ClInclude Include="HTTP\WebSocket\Common.h">
      <Filter>HTTP\WebSocket</Filter>
    </ClInclude>
    <ClInclude Include="HTTP\WebSocket\IMsgHandler.h">
      <Filter>HTTP\WebSocket</Filter>
    </ClInclude>
    <ClInclude Include="HTTP\ConnectionBase.h">
      <Filter>HTTP</Filter>
    </ClInclude>
    <ClInclude Include="HTTP\WebSocket\WSConnection.h">
      <Filter>HTTP\WebSocket</Filter>
    </ClInclude>
    <ClInclude Include="HTTP\WebSocket\WSRespSource.h">
      <Filter>HTTP\WebSocket</Filter>
    </ClInclude>
    <ClInclude Include="HTTP\RespSources\WSEchoRespSource.h">
      <Filter>HTTP\RespSources</Filter>
    </ClInclude>
    <ClInclude Include="HTTP\IServerLog.h">
      <Filter>HTTP</Filter>
    </ClInclude>
    <ClInclude Include="HTTP\ServerLogs\OStreamServerLog.h">
      <Filter>HTTP\ServerLogs</Filter>
    </ClInclude>
    <ClInclude Include="HTTP\ServerLogs\DummyServerLog.h">
      <Filter>HTTP\ServerLogs</Filter>
    </ClInclude>
    <ClInclude Include="HTTP\RespSources\Helper\StringResponse.h">
      <Filter>HTTP\RespSources\Helper</Filter>
    </ClInclude>
    <ClInclude Include="HTTP\RespSources\CORSPreflightRespSource.h">
      <Filter>HTTP\RespSources</Filter>
    </ClInclude>
    <ClInclude Include="HTTP\RespSources\StaticRespSource.h">
      <Filter>HTTP\RespSources</Filter>
    </ClInclude>
    <ClInclude Include="HTTP\FileUploadConfig.h">
      <Filter>HTTP</Filter>
    </ClInclude>
    <ClInclude Include="HTTP\ConnectionConfig.h">
      <Filter>HTTP</Filter>
    </ClInclude>
    <ClInclude Include="HTTP\RespSources\CoroRespSource.h">
      <Filter>HTTP\RespSources</Filter>
    </ClInclude>
    <ClInclude Include="HTTP\RespSources\GenericRespSource.h">
      <Filter>HTTP\RespSources</Filter>
    </ClInclude>
    <ClInclude Include="HTTP\RespSources\SimpleResponse.h">
      <Filter>HTTP\RespSources</Filter>
    </ClInclude>
  </ItemGroup>
  <ItemGroup>
    <ClCompile Include="Http\RespSources\CommonErrorRespSource.cpp">
      <Filter>HTTP\RespSources</Filter>
    </ClCompile>
    <ClCompile Include="Http\RespSources\FSRespSource.cpp">
      <Filter>HTTP\RespSources</Filter>
    </ClCompile>
    <ClCompile Include="Http\RespSources\ZipRespSource.cpp">
      <Filter>HTTP\RespSources</Filter>
    </ClCompile>
    <ClCompile Include="Http\RespSources\detail\ZipArchive.cpp">
      <Filter>HTTP\RespSources\detail</Filter>
    </ClCompile>
    <ClCompile Include="Http\RespSources\detail\MimeDB.cpp">
      <Filter>HTTP\RespSources\detail</Filter>
    </ClCompile>
    <ClCompile Include="Http\RespSources\CombinerRespSource.cpp">
      <Filter>HTTP\RespSources</Filter>
    </ClCompile>
    <ClCompile Include="MiniWebSrv.cpp" />
    <ClCompile Include="Http\Common.cpp">
      <Filter>HTTP</Filter>
    </ClCompile>
    <ClCompile Include="Http\Connection.cpp">
      <Filter>HTTP</Filter>
    </ClCompile>
    <ClCompile Include="Http\QueryParams.cpp">
      <Filter>HTTP</Filter>
    </ClCompile>
    <ClCompile Include="Http\Server.cpp">
      <Filter>HTTP</Filter>
    </ClCompile>
    <ClCompile Include="HTTP\Header.cpp">
      <Filter>HTTP</Filter>
    </ClCompile>
    <ClCompile Include="HTTP\WebSocket\WSConnection.cpp">
      <Filter>HTTP\WebSocket</Filter>
    </ClCompile>
    <ClCompile Include="HTTP\WebSocket\WSRespSource.cpp">
      <Filter>HTTP\WebSocket</Filter>
    </ClCompile>
    <ClCompile Include="HTTP\RespSources\WSEchoRespSource.cpp">
      <Filter>HTTP\RespSources</Filter>
    </ClCompile>
    <ClCompile Include="HTTP\ServerLogs\OStreamServerLog.cpp">
      <Filter>HTTP\ServerLogs</Filter>
    </ClCompile>
    <ClCompile Include="HTTP\RespSources\CORSPreflightRespSource.cpp">
      <Filter>HTTP\RespSources</Filter>
    </ClCompile>
    <ClCompile Include="HTTP\RespSources\StaticRespSource.cpp">
      <Filter>HTTP\RespSources</Filter>
    </ClCompile>
  </ItemGroup>
  <ItemGroup>
    <Filter Include="HTTP">
      <UniqueIdentifier>{6169b300-a200-422f-ba88-933d97a4b440}</UniqueIdentifier>
    </Filter>
    <Filter Include="HTTP\ConnFilters">
      <UniqueIdentifier>{c5ad9cbf-343d-42a4-bc68-a41c9c3899c2}</UniqueIdentifier>
    </Filter>
    <Filter Include="HTTP\Common">
      <UniqueIdentifier>{90e05b22-712a-41e0-b7b8-580ad000df9c}</UniqueIdentifier>
    </Filter>
    <Filter Include="HTTP\RespSources">
      <UniqueIdentifier>{56cfa918-0ddc-4276-9862-87e9bd4e7fc9}</UniqueIdentifier>
    </Filter>
    <Filter Include="HTTP\RespSources\detail">
      <UniqueIdentifier>{83f3fc3e-8ce9-4573-97bd-76b5b6aa15e3}</UniqueIdentifier>
    </Filter>
    <Filter Include="HTTP\WebSocket">
      <UniqueIdentifier>{d715f0ec-1205-49a2-9372-c47fbdc93c4a}</UniqueIdentifier>
    </Filter>
    <Filter Include="HTTP\ServerLogs">
      <UniqueIdentifier>{339aed22-fcb9-450c-b493-324ab8b7af13}</UniqueIdentifier>
    </Filter>
    <Filter Include="HTTP\RespSources\Helper">
      <UniqueIdentifier>{2ad98080-867c-4e81-b1fe-5180b2ab5038}</UniqueIdentifier>
    </Filter>
    <Filter Include="Doc">
      <UniqueIdentifier>{35dfcc63-9d08-4172-a7ca-b3dccf69a0ad}</UniqueIdentifier>
    </Filter>
  </ItemGroup>
  <ItemGroup>
    <None Include="..\README.md">
      <Filter>Doc</Filter>
    </None>
    <None Include="..\README.Coro.md">
      <Filter>Doc</Filter>
    </None>
  </ItemGroup>
</Project>