<?xml version="1.0" encoding="utf-8"?>
<Project ToolsVersion="4.0" xmlns="http://schemas.microsoft.com/developer/msbuild/2003">
  <ItemGroup>
    <ClInclude Include="stdafx.h" />
    <ClInclude Include="targetver.h" />
    <ClInclude Include="IRespSource.h" />
    <ClInclude Include="Server.h" />
    <ClInclude Include="Common.h" />
    <ClInclude Include="IResponse.h" />
    <ClInclude Include="BuildConfig.h" />
    <ClInclude Include="QueryParams.h" />
    <ClInclude Include="IConnFilter.h" />
    <ClInclude Include="ConnFilters\AllowAllConnFilter.h">
      <Filter>ConnFilters</Filter>
    </ClInclude>
    <ClInclude Include="ConnFilters\LoopbackOnlyConnFilter.h">
      <Filter>ConnFilters</Filter>
    </ClInclude>
    <ClInclude Include="Common\BinUtils.h">
      <Filter>Common</Filter>
    </ClInclude>
    <ClInclude Include="Common\StreamReadBuff.h">
      <Filter>Common</Filter>
    </ClInclude>
    <ClInclude Include="Common\WriteBuffQueue.h">
      <Filter>Common</Filter>
    </ClInclude>
    <ClInclude Include="Connection.h" />
    <ClInclude Include="Common\StringUtils.h">
      <Filter>Common</Filter>
    </ClInclude>
    <ClInclude Include="RespSources\CommonErrorRespSource.h">
      <Filter>RespSources</Filter>
    </ClInclude>
    <ClInclude Include="RespSources\FSRespSource.h">
      <Filter>RespSources</Filter>
    </ClInclude>
    <ClInclude Include="Common\CoroAsyncHelper.h">
      <Filter>Common</Filter>
    </ClInclude>
  </ItemGroup>
  <ItemGroup>
    <ClCompile Include="stdafx.cpp" />
    <ClCompile Include="MiniWebSrv.cpp" />
    <ClCompile Include="Server.cpp" />
    <ClCompile Include="Common.cpp" />
    <ClCompile Include="QueryParams.cpp" />
    <ClCompile Include="Connection.cpp" />
    <ClCompile Include="RespSources\CommonErrorRespSource.cpp">
      <Filter>RespSources</Filter>
    </ClCompile>
    <ClCompile Include="RespSources\FSRespSource.cpp">
      <Filter>RespSources</Filter>
    </ClCompile>
  </ItemGroup>
  <ItemGroup>
    <Filter Include="RespSources">
      <UniqueIdentifier>{56cfa918-0ddc-4276-9862-87e9bd4e7fc9}</UniqueIdentifier>
    </Filter>
    <Filter Include="ConnFilters">
      <UniqueIdentifier>{c5ad9cbf-343d-42a4-bc68-a41c9c3899c2}</UniqueIdentifier>
    </Filter>
    <Filter Include="Common">
      <UniqueIdentifier>{90e05b22-712a-41e0-b7b8-580ad000df9c}</UniqueIdentifier>
    </Filter>
  </ItemGroup>
</Project>